// !$*UTF8*$!
{
	archiveVersion = 1;
	classes = {
	};
	objectVersion = 55;
	objects = {

/* Begin PBXBuildFile section */
		D08EF8BD2896614200EDE30A /* AppDelegate.swift in Sources */ = {isa = PBXBuildFile; fileRef = D08EF8BC2896614200EDE30A /* AppDelegate.swift */; };
		D08EF8C12896614200EDE30A /* ViewController.swift in Sources */ = {isa = PBXBuildFile; fileRef = D08EF8C02896614200EDE30A /* ViewController.swift */; };
		D08EF8C42896614200EDE30A /* Main.storyboard in Resources */ = {isa = PBXBuildFile; fileRef = D08EF8C22896614200EDE30A /* Main.storyboard */; };
		D08EF8C62896614300EDE30A /* Assets.xcassets in Resources */ = {isa = PBXBuildFile; fileRef = D08EF8C52896614300EDE30A /* Assets.xcassets */; };
		D08EF8C92896614300EDE30A /* LaunchScreen.storyboard in Resources */ = {isa = PBXBuildFile; fileRef = D08EF8C72896614300EDE30A /* LaunchScreen.storyboard */; };
		D08EF8D42896614300EDE30A /* ChessGameTests.swift in Sources */ = {isa = PBXBuildFile; fileRef = D08EF8D32896614300EDE30A /* ChessGameTests.swift */; };
		D08EF8DE2896614300EDE30A /* ChessGameUITests.swift in Sources */ = {isa = PBXBuildFile; fileRef = D08EF8DD2896614300EDE30A /* ChessGameUITests.swift */; };
		D08EF8E02896614300EDE30A /* ChessGameUITestsLaunchTests.swift in Sources */ = {isa = PBXBuildFile; fileRef = D08EF8DF2896614300EDE30A /* ChessGameUITestsLaunchTests.swift */; };
		D08EF8ED289661E000EDE30A /* BoardView.swift in Sources */ = {isa = PBXBuildFile; fileRef = D08EF8EC289661E000EDE30A /* BoardView.swift */; };
		D08EF8EF28966A6800EDE30A /* BoardViewController.swift in Sources */ = {isa = PBXBuildFile; fileRef = D08EF8EE28966A6800EDE30A /* BoardViewController.swift */; };
/* End PBXBuildFile section */

/* Begin PBXContainerItemProxy section */
		D08EF8D02896614300EDE30A /* PBXContainerItemProxy */ = {
			isa = PBXContainerItemProxy;
			containerPortal = D08EF8B12896614100EDE30A /* Project object */;
			proxyType = 1;
			remoteGlobalIDString = D08EF8B82896614200EDE30A;
			remoteInfo = ChessGame;
		};
		D08EF8DA2896614300EDE30A /* PBXContainerItemProxy */ = {
			isa = PBXContainerItemProxy;
			containerPortal = D08EF8B12896614100EDE30A /* Project object */;
			proxyType = 1;
			remoteGlobalIDString = D08EF8B82896614200EDE30A;
			remoteInfo = ChessGame;
		};
/* End PBXContainerItemProxy section */

/* Begin PBXFileReference section */
		D08EF8B92896614200EDE30A /* ChessGame.app */ = {isa = PBXFileReference; explicitFileType = wrapper.application; includeInIndex = 0; path = ChessGame.app; sourceTree = BUILT_PRODUCTS_DIR; };
		D08EF8BC2896614200EDE30A /* AppDelegate.swift */ = {isa = PBXFileReference; lastKnownFileType = sourcecode.swift; path = AppDelegate.swift; sourceTree = "<group>"; };
		D08EF8C02896614200EDE30A /* ViewController.swift */ = {isa = PBXFileReference; lastKnownFileType = sourcecode.swift; path = ViewController.swift; sourceTree = "<group>"; };
		D08EF8C32896614200EDE30A /* Base */ = {isa = PBXFileReference; lastKnownFileType = file.storyboard; name = Base; path = Base.lproj/Main.storyboard; sourceTree = "<group>"; };
		D08EF8C52896614300EDE30A /* Assets.xcassets */ = {isa = PBXFileReference; lastKnownFileType = folder.assetcatalog; path = Assets.xcassets; sourceTree = "<group>"; };
		D08EF8C82896614300EDE30A /* Base */ = {isa = PBXFileReference; lastKnownFileType = file.storyboard; name = Base; path = Base.lproj/LaunchScreen.storyboard; sourceTree = "<group>"; };
		D08EF8CA2896614300EDE30A /* Info.plist */ = {isa = PBXFileReference; lastKnownFileType = text.plist.xml; path = Info.plist; sourceTree = "<group>"; };
		D08EF8CF2896614300EDE30A /* ChessGameTests.xctest */ = {isa = PBXFileReference; explicitFileType = wrapper.cfbundle; includeInIndex = 0; path = ChessGameTests.xctest; sourceTree = BUILT_PRODUCTS_DIR; };
		D08EF8D32896614300EDE30A /* ChessGameTests.swift */ = {isa = PBXFileReference; lastKnownFileType = sourcecode.swift; path = ChessGameTests.swift; sourceTree = "<group>"; };
		D08EF8D92896614300EDE30A /* ChessGameUITests.xctest */ = {isa = PBXFileReference; explicitFileType = wrapper.cfbundle; includeInIndex = 0; path = ChessGameUITests.xctest; sourceTree = BUILT_PRODUCTS_DIR; };
		D08EF8DD2896614300EDE30A /* ChessGameUITests.swift */ = {isa = PBXFileReference; lastKnownFileType = sourcecode.swift; path = ChessGameUITests.swift; sourceTree = "<group>"; };
		D08EF8DF2896614300EDE30A /* ChessGameUITestsLaunchTests.swift */ = {isa = PBXFileReference; lastKnownFileType = sourcecode.swift; path = ChessGameUITestsLaunchTests.swift; sourceTree = "<group>"; };
		D08EF8EC289661E000EDE30A /* BoardView.swift */ = {isa = PBXFileReference; lastKnownFileType = sourcecode.swift; path = BoardView.swift; sourceTree = "<group>"; };
		D08EF8EE28966A6800EDE30A /* BoardViewController.swift */ = {isa = PBXFileReference; lastKnownFileType = sourcecode.swift; path = BoardViewController.swift; sourceTree = "<group>"; };
/* End PBXFileReference section */

/* Begin PBXFrameworksBuildPhase section */
		D08EF8B62896614200EDE30A /* Frameworks */ = {
			isa = PBXFrameworksBuildPhase;
			buildActionMask = 2147483647;
			files = (
			);
			runOnlyForDeploymentPostprocessing = 0;
		};
		D08EF8CC2896614300EDE30A /* Frameworks */ = {
			isa = PBXFrameworksBuildPhase;
			buildActionMask = 2147483647;
			files = (
			);
			runOnlyForDeploymentPostprocessing = 0;
		};
		D08EF8D62896614300EDE30A /* Frameworks */ = {
			isa = PBXFrameworksBuildPhase;
			buildActionMask = 2147483647;
			files = (
			);
			runOnlyForDeploymentPostprocessing = 0;
		};
/* End PBXFrameworksBuildPhase section */

/* Begin PBXGroup section */
		D08EF8B02896614100EDE30A = {
			isa = PBXGroup;
			children = (
				D08EF8BB2896614200EDE30A /* ChessGame */,
				D08EF8D22896614300EDE30A /* ChessGameTests */,
				D08EF8DC2896614300EDE30A /* ChessGameUITests */,
				D08EF8BA2896614200EDE30A /* Products */,
			);
			sourceTree = "<group>";
		};
		D08EF8BA2896614200EDE30A /* Products */ = {
			isa = PBXGroup;
			children = (
				D08EF8B92896614200EDE30A /* ChessGame.app */,
				D08EF8CF2896614300EDE30A /* ChessGameTests.xctest */,
				D08EF8D92896614300EDE30A /* ChessGameUITests.xctest */,
			);
			name = Products;
			sourceTree = "<group>";
		};
		D08EF8BB2896614200EDE30A /* ChessGame */ = {
			isa = PBXGroup;
			children = (
				D08EF8BC2896614200EDE30A /* AppDelegate.swift */,
				D08EF8C02896614200EDE30A /* ViewController.swift */,
				D08EF8C22896614200EDE30A /* Main.storyboard */,
				D08EF8C52896614300EDE30A /* Assets.xcassets */,
				D08EF8C72896614300EDE30A /* LaunchScreen.storyboard */,
				D08EF8CA2896614300EDE30A /* Info.plist */,
				D08EF8EC289661E000EDE30A /* BoardView.swift */,
				D08EF8EE28966A6800EDE30A /* BoardViewController.swift */,
			);
			path = ChessGame;
			sourceTree = "<group>";
		};
		D08EF8D22896614300EDE30A /* ChessGameTests */ = {
			isa = PBXGroup;
			children = (
				D08EF8D32896614300EDE30A /* ChessGameTests.swift */,
			);
			path = ChessGameTests;
			sourceTree = "<group>";
		};
		D08EF8DC2896614300EDE30A /* ChessGameUITests */ = {
			isa = PBXGroup;
			children = (
				D08EF8DD2896614300EDE30A /* ChessGameUITests.swift */,
				D08EF8DF2896614300EDE30A /* ChessGameUITestsLaunchTests.swift */,
			);
			path = ChessGameUITests;
			sourceTree = "<group>";
		};
/* End PBXGroup section */

/* Begin PBXNativeTarget section */
		D08EF8B82896614200EDE30A /* ChessGame */ = {
			isa = PBXNativeTarget;
			buildConfigurationList = D08EF8E32896614300EDE30A /* Build configuration list for PBXNativeTarget "ChessGame" */;
			buildPhases = (
				D08EF8B52896614200EDE30A /* Sources */,
				D08EF8B62896614200EDE30A /* Frameworks */,
				D08EF8B72896614200EDE30A /* Resources */,
			);
			buildRules = (
			);
			dependencies = (
			);
			name = ChessGame;
			productName = ChessGame;
			productReference = D08EF8B92896614200EDE30A /* ChessGame.app */;
			productType = "com.apple.product-type.application";
		};
		D08EF8CE2896614300EDE30A /* ChessGameTests */ = {
			isa = PBXNativeTarget;
			buildConfigurationList = D08EF8E62896614300EDE30A /* Build configuration list for PBXNativeTarget "ChessGameTests" */;
			buildPhases = (
				D08EF8CB2896614300EDE30A /* Sources */,
				D08EF8CC2896614300EDE30A /* Frameworks */,
				D08EF8CD2896614300EDE30A /* Resources */,
			);
			buildRules = (
			);
			dependencies = (
				D08EF8D12896614300EDE30A /* PBXTargetDependency */,
			);
			name = ChessGameTests;
			productName = ChessGameTests;
			productReference = D08EF8CF2896614300EDE30A /* ChessGameTests.xctest */;
			productType = "com.apple.product-type.bundle.unit-test";
		};
		D08EF8D82896614300EDE30A /* ChessGameUITests */ = {
			isa = PBXNativeTarget;
			buildConfigurationList = D08EF8E92896614300EDE30A /* Build configuration list for PBXNativeTarget "ChessGameUITests" */;
			buildPhases = (
				D08EF8D52896614300EDE30A /* Sources */,
				D08EF8D62896614300EDE30A /* Frameworks */,
				D08EF8D72896614300EDE30A /* Resources */,
			);
			buildRules = (
			);
			dependencies = (
				D08EF8DB2896614300EDE30A /* PBXTargetDependency */,
			);
			name = ChessGameUITests;
			productName = ChessGameUITests;
			productReference = D08EF8D92896614300EDE30A /* ChessGameUITests.xctest */;
			productType = "com.apple.product-type.bundle.ui-testing";
		};
/* End PBXNativeTarget section */

/* Begin PBXProject section */
		D08EF8B12896614100EDE30A /* Project object */ = {
			isa = PBXProject;
			attributes = {
				BuildIndependentTargetsInParallel = 1;
				LastSwiftUpdateCheck = 1340;
				LastUpgradeCheck = 1340;
				TargetAttributes = {
					D08EF8B82896614200EDE30A = {
						CreatedOnToolsVersion = 13.4.1;
					};
					D08EF8CE2896614300EDE30A = {
						CreatedOnToolsVersion = 13.4.1;
						TestTargetID = D08EF8B82896614200EDE30A;
					};
					D08EF8D82896614300EDE30A = {
						CreatedOnToolsVersion = 13.4.1;
						TestTargetID = D08EF8B82896614200EDE30A;
					};
				};
			};
			buildConfigurationList = D08EF8B42896614100EDE30A /* Build configuration list for PBXProject "ChessGame" */;
			compatibilityVersion = "Xcode 13.0";
			developmentRegion = en;
			hasScannedForEncodings = 0;
			knownRegions = (
				en,
				Base,
			);
			mainGroup = D08EF8B02896614100EDE30A;
			productRefGroup = D08EF8BA2896614200EDE30A /* Products */;
			projectDirPath = "";
			projectRoot = "";
			targets = (
				D08EF8B82896614200EDE30A /* ChessGame */,
				D08EF8CE2896614300EDE30A /* ChessGameTests */,
				D08EF8D82896614300EDE30A /* ChessGameUITests */,
			);
		};
/* End PBXProject section */

/* Begin PBXResourcesBuildPhase section */
		D08EF8B72896614200EDE30A /* Resources */ = {
			isa = PBXResourcesBuildPhase;
			buildActionMask = 2147483647;
			files = (
				D08EF8C92896614300EDE30A /* LaunchScreen.storyboard in Resources */,
				D08EF8C62896614300EDE30A /* Assets.xcassets in Resources */,
				D08EF8C42896614200EDE30A /* Main.storyboard in Resources */,
			);
			runOnlyForDeploymentPostprocessing = 0;
		};
		D08EF8CD2896614300EDE30A /* Resources */ = {
			isa = PBXResourcesBuildPhase;
			buildActionMask = 2147483647;
			files = (
			);
			runOnlyForDeploymentPostprocessing = 0;
		};
		D08EF8D72896614300EDE30A /* Resources */ = {
			isa = PBXResourcesBuildPhase;
			buildActionMask = 2147483647;
			files = (
			);
			runOnlyForDeploymentPostprocessing = 0;
		};
/* End PBXResourcesBuildPhase section */

/* Begin PBXSourcesBuildPhase section */
		D08EF8B52896614200EDE30A /* Sources */ = {
			isa = PBXSourcesBuildPhase;
			buildActionMask = 2147483647;
			files = (
				D08EF8ED289661E000EDE30A /* BoardView.swift in Sources */,
				D08EF8C12896614200EDE30A /* ViewController.swift in Sources */,
				D08EF8BD2896614200EDE30A /* AppDelegate.swift in Sources */,
				D08EF8EF28966A6800EDE30A /* BoardViewController.swift in Sources */,
			);
			runOnlyForDeploymentPostprocessing = 0;
		};
		D08EF8CB2896614300EDE30A /* Sources */ = {
			isa = PBXSourcesBuildPhase;
			buildActionMask = 2147483647;
			files = (
				D08EF8D42896614300EDE30A /* ChessGameTests.swift in Sources */,
			);
			runOnlyForDeploymentPostprocessing = 0;
		};
		D08EF8D52896614300EDE30A /* Sources */ = {
			isa = PBXSourcesBuildPhase;
			buildActionMask = 2147483647;
			files = (
				D08EF8DE2896614300EDE30A /* ChessGameUITests.swift in Sources */,
				D08EF8E02896614300EDE30A /* ChessGameUITestsLaunchTests.swift in Sources */,
			);
			runOnlyForDeploymentPostprocessing = 0;
		};
/* End PBXSourcesBuildPhase section */

/* Begin PBXTargetDependency section */
		D08EF8D12896614300EDE30A /* PBXTargetDependency */ = {
			isa = PBXTargetDependency;
			target = D08EF8B82896614200EDE30A /* ChessGame */;
			targetProxy = D08EF8D02896614300EDE30A /* PBXContainerItemProxy */;
		};
		D08EF8DB2896614300EDE30A /* PBXTargetDependency */ = {
			isa = PBXTargetDependency;
			target = D08EF8B82896614200EDE30A /* ChessGame */;
			targetProxy = D08EF8DA2896614300EDE30A /* PBXContainerItemProxy */;
		};
/* End PBXTargetDependency section */

/* Begin PBXVariantGroup section */
		D08EF8C22896614200EDE30A /* Main.storyboard */ = {
			isa = PBXVariantGroup;
			children = (
				D08EF8C32896614200EDE30A /* Base */,
			);
			name = Main.storyboard;
			sourceTree = "<group>";
		};
		D08EF8C72896614300EDE30A /* LaunchScreen.storyboard */ = {
			isa = PBXVariantGroup;
			children = (
				D08EF8C82896614300EDE30A /* Base */,
			);
			name = LaunchScreen.storyboard;
			sourceTree = "<group>";
		};
/* End PBXVariantGroup section */

/* Begin XCBuildConfiguration section */
		D08EF8E12896614300EDE30A /* Debug */ = {
			isa = XCBuildConfiguration;
			buildSettings = {
				ALWAYS_SEARCH_USER_PATHS = NO;
				CLANG_ANALYZER_NONNULL = YES;
				CLANG_ANALYZER_NUMBER_OBJECT_CONVERSION = YES_AGGRESSIVE;
				CLANG_CXX_LANGUAGE_STANDARD = "gnu++17";
				CLANG_ENABLE_MODULES = YES;
				CLANG_ENABLE_OBJC_ARC = YES;
				CLANG_ENABLE_OBJC_WEAK = YES;
				CLANG_WARN_BLOCK_CAPTURE_AUTORELEASING = YES;
				CLANG_WARN_BOOL_CONVERSION = YES;
				CLANG_WARN_COMMA = YES;
				CLANG_WARN_CONSTANT_CONVERSION = YES;
				CLANG_WARN_DEPRECATED_OBJC_IMPLEMENTATIONS = YES;
				CLANG_WARN_DIRECT_OBJC_ISA_USAGE = YES_ERROR;
				CLANG_WARN_DOCUMENTATION_COMMENTS = YES;
				CLANG_WARN_EMPTY_BODY = YES;
				CLANG_WARN_ENUM_CONVERSION = YES;
				CLANG_WARN_INFINITE_RECURSION = YES;
				CLANG_WARN_INT_CONVERSION = YES;
				CLANG_WARN_NON_LITERAL_NULL_CONVERSION = YES;
				CLANG_WARN_OBJC_IMPLICIT_RETAIN_SELF = YES;
				CLANG_WARN_OBJC_LITERAL_CONVERSION = YES;
				CLANG_WARN_OBJC_ROOT_CLASS = YES_ERROR;
				CLANG_WARN_QUOTED_INCLUDE_IN_FRAMEWORK_HEADER = YES;
				CLANG_WARN_RANGE_LOOP_ANALYSIS = YES;
				CLANG_WARN_STRICT_PROTOTYPES = YES;
				CLANG_WARN_SUSPICIOUS_MOVE = YES;
				CLANG_WARN_UNGUARDED_AVAILABILITY = YES_AGGRESSIVE;
				CLANG_WARN_UNREACHABLE_CODE = YES;
				CLANG_WARN__DUPLICATE_METHOD_MATCH = YES;
				COPY_PHASE_STRIP = NO;
				DEBUG_INFORMATION_FORMAT = dwarf;
				ENABLE_STRICT_OBJC_MSGSEND = YES;
				ENABLE_TESTABILITY = YES;
				GCC_C_LANGUAGE_STANDARD = gnu11;
				GCC_DYNAMIC_NO_PIC = NO;
				GCC_NO_COMMON_BLOCKS = YES;
				GCC_OPTIMIZATION_LEVEL = 0;
				GCC_PREPROCESSOR_DEFINITIONS = (
					"DEBUG=1",
					"$(inherited)",
				);
				GCC_WARN_64_TO_32_BIT_CONVERSION = YES;
				GCC_WARN_ABOUT_RETURN_TYPE = YES_ERROR;
				GCC_WARN_UNDECLARED_SELECTOR = YES;
				GCC_WARN_UNINITIALIZED_AUTOS = YES_AGGRESSIVE;
				GCC_WARN_UNUSED_FUNCTION = YES;
				GCC_WARN_UNUSED_VARIABLE = YES;
				IPHONEOS_DEPLOYMENT_TARGET = 15.5;
				MTL_ENABLE_DEBUG_INFO = INCLUDE_SOURCE;
				MTL_FAST_MATH = YES;
				ONLY_ACTIVE_ARCH = YES;
				SDKROOT = iphoneos;
				SWIFT_ACTIVE_COMPILATION_CONDITIONS = DEBUG;
				SWIFT_OPTIMIZATION_LEVEL = "-Onone";
			};
			name = Debug;
		};
		D08EF8E22896614300EDE30A /* Release */ = {
			isa = XCBuildConfiguration;
			buildSettings = {
				ALWAYS_SEARCH_USER_PATHS = NO;
				CLANG_ANALYZER_NONNULL = YES;
				CLANG_ANALYZER_NUMBER_OBJECT_CONVERSION = YES_AGGRESSIVE;
				CLANG_CXX_LANGUAGE_STANDARD = "gnu++17";
				CLANG_ENABLE_MODULES = YES;
				CLANG_ENABLE_OBJC_ARC = YES;
				CLANG_ENABLE_OBJC_WEAK = YES;
				CLANG_WARN_BLOCK_CAPTURE_AUTORELEASING = YES;
				CLANG_WARN_BOOL_CONVERSION = YES;
				CLANG_WARN_COMMA = YES;
				CLANG_WARN_CONSTANT_CONVERSION = YES;
				CLANG_WARN_DEPRECATED_OBJC_IMPLEMENTATIONS = YES;
				CLANG_WARN_DIRECT_OBJC_ISA_USAGE = YES_ERROR;
				CLANG_WARN_DOCUMENTATION_COMMENTS = YES;
				CLANG_WARN_EMPTY_BODY = YES;
				CLANG_WARN_ENUM_CONVERSION = YES;
				CLANG_WARN_INFINITE_RECURSION = YES;
				CLANG_WARN_INT_CONVERSION = YES;
				CLANG_WARN_NON_LITERAL_NULL_CONVERSION = YES;
				CLANG_WARN_OBJC_IMPLICIT_RETAIN_SELF = YES;
				CLANG_WARN_OBJC_LITERAL_CONVERSION = YES;
				CLANG_WARN_OBJC_ROOT_CLASS = YES_ERROR;
				CLANG_WARN_QUOTED_INCLUDE_IN_FRAMEWORK_HEADER = YES;
				CLANG_WARN_RANGE_LOOP_ANALYSIS = YES;
				CLANG_WARN_STRICT_PROTOTYPES = YES;
				CLANG_WARN_SUSPICIOUS_MOVE = YES;
				CLANG_WARN_UNGUARDED_AVAILABILITY = YES_AGGRESSIVE;
				CLANG_WARN_UNREACHABLE_CODE = YES;
				CLANG_WARN__DUPLICATE_METHOD_MATCH = YES;
				COPY_PHASE_STRIP = NO;
				DEBUG_INFORMATION_FORMAT = "dwarf-with-dsym";
				ENABLE_NS_ASSERTIONS = NO;
				ENABLE_STRICT_OBJC_MSGSEND = YES;
				GCC_C_LANGUAGE_STANDARD = gnu11;
				GCC_NO_COMMON_BLOCKS = YES;
				GCC_WARN_64_TO_32_BIT_CONVERSION = YES;
				GCC_WARN_ABOUT_RETURN_TYPE = YES_ERROR;
				GCC_WARN_UNDECLARED_SELECTOR = YES;
				GCC_WARN_UNINITIALIZED_AUTOS = YES_AGGRESSIVE;
				GCC_WARN_UNUSED_FUNCTION = YES;
				GCC_WARN_UNUSED_VARIABLE = YES;
				IPHONEOS_DEPLOYMENT_TARGET = 15.5;
				MTL_ENABLE_DEBUG_INFO = NO;
				MTL_FAST_MATH = YES;
				SDKROOT = iphoneos;
				SWIFT_COMPILATION_MODE = wholemodule;
				SWIFT_OPTIMIZATION_LEVEL = "-O";
				VALIDATE_PRODUCT = YES;
			};
			name = Release;
		};
		D08EF8E42896614300EDE30A /* Debug */ = {
			isa = XCBuildConfiguration;
			buildSettings = {
				ASSETCATALOG_COMPILER_APPICON_NAME = AppIcon;
				ASSETCATALOG_COMPILER_GLOBAL_ACCENT_COLOR_NAME = AccentColor;
				CODE_SIGN_STYLE = Automatic;
				CURRENT_PROJECT_VERSION = 1;
				DEVELOPMENT_TEAM = URWSH26L7J;
				GENERATE_INFOPLIST_FILE = YES;
				INFOPLIST_FILE = ChessGame/Info.plist;
				INFOPLIST_KEY_UIApplicationSupportsIndirectInputEvents = YES;
				INFOPLIST_KEY_UILaunchStoryboardName = LaunchScreen;
				INFOPLIST_KEY_UIMainStoryboardFile = Main;
				INFOPLIST_KEY_UISupportedInterfaceOrientations = UIInterfaceOrientationPortrait;
				INFOPLIST_KEY_UISupportedInterfaceOrientations_iPad = "UIInterfaceOrientationPortrait UIInterfaceOrientationPortraitUpsideDown UIInterfaceOrientationLandscapeLeft UIInterfaceOrientationLandscapeRight";
				INFOPLIST_KEY_UISupportedInterfaceOrientations_iPhone = "UIInterfaceOrientationPortrait UIInterfaceOrientationLandscapeLeft UIInterfaceOrientationLandscapeRight";
				IPHONEOS_DEPLOYMENT_TARGET = 11.0;
				LD_RUNPATH_SEARCH_PATHS = (
					"$(inherited)",
					"@executable_path/Frameworks",
				);
				MARKETING_VERSION = 1.0;
				PRODUCT_BUNDLE_IDENTIFIER = uz.bob.lesson1.ChessGame;
				PRODUCT_NAME = "$(TARGET_NAME)";
				SWIFT_EMIT_LOC_STRINGS = YES;
				SWIFT_VERSION = 5.0;
				TARGETED_DEVICE_FAMILY = "1,2";
			};
			name = Debug;
		};
		D08EF8E52896614300EDE30A /* Release */ = {
			isa = XCBuildConfiguration;
			buildSettings = {
				ASSETCATALOG_COMPILER_APPICON_NAME = AppIcon;
				ASSETCATALOG_COMPILER_GLOBAL_ACCENT_COLOR_NAME = AccentColor;
				CODE_SIGN_STYLE = Automatic;
				CURRENT_PROJECT_VERSION = 1;
				DEVELOPMENT_TEAM = URWSH26L7J;
				GENERATE_INFOPLIST_FILE = YES;
				INFOPLIST_FILE = ChessGame/Info.plist;
				INFOPLIST_KEY_UIApplicationSupportsIndirectInputEvents = YES;
				INFOPLIST_KEY_UILaunchStoryboardName = LaunchScreen;
				INFOPLIST_KEY_UIMainStoryboardFile = Main;
				INFOPLIST_KEY_UISupportedInterfaceOrientations = UIInterfaceOrientationPortrait;
				INFOPLIST_KEY_UISupportedInterfaceOrientations_iPad = "UIInterfaceOrientationPortrait UIInterfaceOrientationPortraitUpsideDown UIInterfaceOrientationLandscapeLeft UIInterfaceOrientationLandscapeRight";
				INFOPLIST_KEY_UISupportedInterfaceOrientations_iPhone = "UIInterfaceOrientationPortrait UIInterfaceOrientationLandscapeLeft UIInterfaceOrientationLandscapeRight";
				IPHONEOS_DEPLOYMENT_TARGET = 11.0;
				LD_RUNPATH_SEARCH_PATHS = (
					"$(inherited)",
					"@executable_path/Frameworks",
				);
				MARKETING_VERSION = 1.0;
				PRODUCT_BUNDLE_IDENTIFIER = uz.bob.lesson1.ChessGame;
				PRODUCT_NAME = "$(TARGET_NAME)";
				SWIFT_EMIT_LOC_STRINGS = YES;
				SWIFT_VERSION = 5.0;
				TARGETED_DEVICE_FAMILY = "1,2";
			};
			name = Release;
		};
		D08EF8E72896614300EDE30A /* Debug */ = {
			isa = XCBuildConfiguration;
			buildSettings = {
				ALWAYS_EMBED_SWIFT_STANDARD_LIBRARIES = YES;
				BUNDLE_LOADER = "$(TEST_HOST)";
				CODE_SIGN_STYLE = Automatic;
				CURRENT_PROJECT_VERSION = 1;
				DEVELOPMENT_TEAM = URWSH26L7J;
				GENERATE_INFOPLIST_FILE = YES;
				IPHONEOS_DEPLOYMENT_TARGET = 15.5;
				MARKETING_VERSION = 1.0;
				PRODUCT_BUNDLE_IDENTIFIER = uz.bob.lesson1.ChessGameTests;
				PRODUCT_NAME = "$(TARGET_NAME)";
				SWIFT_EMIT_LOC_STRINGS = NO;
				SWIFT_VERSION = 5.0;
				TARGETED_DEVICE_FAMILY = "1,2";
				TEST_HOST = "$(BUILT_PRODUCTS_DIR)/ChessGame.app/ChessGame";
			};
			name = Debug;
		};
		D08EF8E82896614300EDE30A /* Release */ = {
			isa = XCBuildConfiguration;
			buildSettings = {
				ALWAYS_EMBED_SWIFT_STANDARD_LIBRARIES = YES;
				BUNDLE_LOADER = "$(TEST_HOST)";
				CODE_SIGN_STYLE = Automatic;
				CURRENT_PROJECT_VERSION = 1;
				DEVELOPMENT_TEAM = URWSH26L7J;
				GENERATE_INFOPLIST_FILE = YES;
				IPHONEOS_DEPLOYMENT_TARGET = 15.5;
				MARKETING_VERSION = 1.0;
				PRODUCT_BUNDLE_IDENTIFIER = uz.bob.lesson1.ChessGameTests;
				PRODUCT_NAME = "$(TARGET_NAME)";
				SWIFT_EMIT_LOC_STRINGS = NO;
				SWIFT_VERSION = 5.0;
				TARGETED_DEVICE_FAMILY = "1,2";
				TEST_HOST = "$(BUILT_PRODUCTS_DIR)/ChessGame.app/ChessGame";
			};
			name = Release;
		};
		D08EF8EA2896614300EDE30A /* Debug */ = {
			isa = XCBuildConfiguration;
			buildSettings = {
				ALWAYS_EMBED_SWIFT_STANDARD_LIBRARIES = YES;
				CODE_SIGN_STYLE = Automatic;
				CURRENT_PROJECT_VERSION = 1;
				DEVELOPMENT_TEAM = URWSH26L7J;
				GENERATE_INFOPLIST_FILE = YES;
				MARKETING_VERSION = 1.0;
				PRODUCT_BUNDLE_IDENTIFIER = uz.bob.lesson1.ChessGameUITests;
				PRODUCT_NAME = "$(TARGET_NAME)";
				SWIFT_EMIT_LOC_STRINGS = NO;
				SWIFT_VERSION = 5.0;
				TARGETED_DEVICE_FAMILY = "1,2";
				TEST_TARGET_NAME = ChessGame;
			};
			name = Debug;
		};
		D08EF8EB2896614300EDE30A /* Release */ = {
			isa = XCBuildConfiguration;
			buildSettings = {
				ALWAYS_EMBED_SWIFT_STANDARD_LIBRARIES = YES;
				CODE_SIGN_STYLE = Automatic;
				CURRENT_PROJECT_VERSION = 1;
				DEVELOPMENT_TEAM = URWSH26L7J;
				GENERATE_INFOPLIST_FILE = YES;
				MARKETING_VERSION = 1.0;
				PRODUCT_BUNDLE_IDENTIFIER = uz.bob.lesson1.ChessGameUITests;
				PRODUCT_NAME = "$(TARGET_NAME)";
				SWIFT_EMIT_LOC_STRINGS = NO;
				SWIFT_VERSION = 5.0;
				TARGETED_DEVICE_FAMILY = "1,2";
				TEST_TARGET_NAME = ChessGame;
			};
			name = Release;
		};
/* End XCBuildConfiguration section */

/* Begin XCConfigurationList section */
		D08EF8B42896614100EDE30A /* Build configuration list for PBXProject "ChessGame" */ = {
			isa = XCConfigurationList;
			buildConfigurations = (
				D08EF8E12896614300EDE30A /* Debug */,
				D08EF8E22896614300EDE30A /* Release */,
			);
			defaultConfigurationIsVisible = 0;
			defaultConfigurationName = Release;
		};
		D08EF8E32896614300EDE30A /* Build configuration list for PBXNativeTarget "ChessGame" */ = {
			isa = XCConfigurationList;
			buildConfigurations = (
				D08EF8E42896614300EDE30A /* Debug */,
				D08EF8E52896614300EDE30A /* Release */,
			);
			defaultConfigurationIsVisible = 0;
			defaultConfigurationName = Release;
		};
		D08EF8E62896614300EDE30A /* Build configuration list for PBXNativeTarget "ChessGameTests" */ = {
			isa = XCConfigurationList;
			buildConfigurations = (
				D08EF8E72896614300EDE30A /* Debug */,
				D08EF8E82896614300EDE30A /* Release */,
			);
			defaultConfigurationIsVisible = 0;
			defaultConfigurationName = Release;
		};
		D08EF8E92896614300EDE30A /* Build configuration list for PBXNativeTarget "ChessGameUITests" */ = {
			isa = XCConfigurationList;
			buildConfigurations = (
				D08EF8EA2896614300EDE30A /* Debug */,
				D08EF8EB2896614300EDE30A /* Release */,
			);
			defaultConfigurationIsVisible = 0;
			defaultConfigurationName = Release;
		};
/* End XCConfigurationList section */
	};
	rootObject = D08EF8B12896614100EDE30A /* Project object */;
}
